
Microsoft Visual Studio Solution File, Format Version 12.00
# Visual Studio Version 17
VisualStudioVersion = 17.14.36202.13 d17.14
MinimumVisualStudioVersion = 10.0.40219.1
Project("{FAE04EC0-301F-11D3-BF4B-00C04F79EFBC}") = "TriangleTypeIdetifier", "TriangleTypeIdetifier.csproj", "{925E7B15-6844-4026-B569-4E66CB1DF086}"
EndProject
Global
	GlobalSection(SolutionConfigurationPlatforms) = preSolution
		Debug|Any CPU = Debug|Any CPU
		Release|Any CPU = Release|Any CPU
	EndGlobalSection
	GlobalSection(ProjectConfigurationPlatforms) = postSolution
		{925E7B15-6844-4026-B569-4E66CB1DF086}.Debug|Any CPU.ActiveCfg = Debug|Any CPU
		{925E7B15-6844-4026-B569-4E66CB1DF086}.Debug|Any CPU.Build.0 = Debug|Any CPU
		{925E7B15-6844-4026-B569-4E66CB1DF086}.Release|Any CPU.ActiveCfg = Release|Any CPU
		{925E7B15-6844-4026-B569-4E66CB1DF086}.Release|Any CPU.Build.0 = Release|Any CPU
	EndGlobalSection
	GlobalSection(SolutionProperties) = preSolution
		HideSolutionNode = FALSE
	EndGlobalSection
	GlobalSection(ExtensibilityGlobals) = postSolution
		SolutionGuid = {F87E5013-1B6E-412F-A546-5ADD46E19D59}
	EndGlobalSection
EndGlobal
